github.com/ecoshub/jint v0.0.0-20200125205236-fce329e4b672 h1:0LYOUPcMFOdXS6/IxwYM0A/VnziXDffVBHxBbiReJlA=
github.com/ecoshub/jint v0.0.0-20200125205236-fce329e4b672/go.mod h1:rwoLxgrkne1q5VlOiOXKHl+iRgqpZgax++/J1mBPxDI=
github.com/ecoshub/jparse v0.0.0-20200103122203-2ffd326db407 h1:c/JP74mtpcWNU05nfG7Z2MCqVzHwWvxtmTLsKVRzW5o=
github.com/ecoshub/jparse v0.0.0-20200103122203-2ffd326db407/go.mod h1:GAFp7jlawCRRZMjbUUsLnlMCO3a/JP2A1s1RlBmBwZ4=
github.com/ecoshub/penman v0.0.0-20191215215553-76f0efaf3b0a h1:vQODOT7RW1n5X89rAJ/W1+2C7ooO9jZoNjgKc8RZWMc=
github.com/ecoshub/penman v0.0.0-20191215215553-76f0efaf3b0a/go.mod h1:/1u9UH2HFIQ7mGp5DEkSMtmlo02TmRt6KeF6dc0u8oA=
github.com/gorilla/websocket v1.4.1 h1:q7AeDBpnBk8AogcD4DSag/Ukw/KV+YhzLj2bP5HvKCM=
github.com/gorilla/websocket v1.4.1/go.mod h1:YR8l580nyteQvAITg2hZ9XVh4b55+EU/adAjf1fMHhE=
